dependencies:
- name: digital-twin-registry
  repository: https://eclipse-tractusx.github.io/charts/dev
  version: 0.6.3
- name: simple-data-backend
  repository: https://eclipse-tractusx.github.io/charts/dev
  version: 0.1.0
- name: tractusx-connector
  repository: https://eclipse-tractusx.github.io/charts/dev
  version: 0.9.0
- name: vault
  repository: https://helm.releases.hashicorp.com
  version: 0.20.0
digest: sha256:c4b90697d5c42dcd824b7a7e0908133b27a17a9c7f13f5f24f8037f73868b84e
generated: "2025-09-05T10:29:56.498096206+02:00"
